
Microsoft Visual Studio Solution File, Format Version 12.00
# Visual Studio Version 16
VisualStudioVersion = 16.0.31515.178
MinimumVisualStudioVersion = 10.0.40219.1
Project("{FAE04EC0-301F-11D3-BF4B-00C04F79EFBC}") = "IntroM3Aug2021", "IntroM3Aug2021\IntroM3Aug2021.csproj", "{F8AA6822-D688-4CCF-B90C-31593710B5AC}"
EndProject
Global
	GlobalSection(SolutionConfigurationPlatforms) = preSolution
		Debug|Any CPU = Debug|Any CPU
		Release|Any CPU = Release|Any CPU
	EndGlobalSection
	GlobalSection(ProjectConfigurationPlatforms) = postSolution
		{F8AA6822-D688-4CCF-B90C-31593710B5AC}.Debug|Any CPU.ActiveCfg = Debug|Any CPU
		{F8AA6822-D688-4CCF-B90C-31593710B5AC}.Debug|Any CPU.Build.0 = Debug|Any CPU
		{F8AA6822-D688-4CCF-B90C-31593710B5AC}.Release|Any CPU.ActiveCfg = Release|Any CPU
		{F8AA6822-D688-4CCF-B90C-31593710B5AC}.Release|Any CPU.Build.0 = Release|Any CPU
	EndGlobalSection
	GlobalSection(SolutionProperties) = preSolution
		HideSolutionNode = FALSE
	EndGlobalSection
	GlobalSection(ExtensibilityGlobals) = postSolution
		SolutionGuid = {A8215295-4717-4590-8C8A-C84E8F57F693}
	EndGlobalSection
EndGlobal
